<?xml version="1.0" encoding="UTF-8"?>
<Scheme
   LastUpgradeVersion = "9999"
   version = "1.3">
   <BuildAction
      parallelizeBuildables = "YES"
      buildImplicitDependencies = "YES">
      <BuildActionEntries>
         <BuildActionEntry
            buildForTesting = "YES"
            buildForRunning = "YES"
            buildForProfiling = "YES"
            buildForArchiving = "YES"
            buildForAnalyzing = "YES">
            <BuildableReference
               BuildableIdentifier = "primary"
               BlueprintIdentifier = "ProtocolBuffers::ProtocolBuffers"
               BuildableName = "ProtocolBuffers.framework"
               BlueprintName = "ProtocolBuffers"
               ReferencedContainer = "container:ProtocolBuffers.xcodeproj">
            </BuildableReference>
         </BuildActionEntry>
      </BuildActionEntries>
   </BuildAction>
   <TestAction
      buildConfiguration = "Debug"
      selectedDebuggerIdentifier = "Xcode.DebuggerFoundation.Debugger.LLDB"
      selectedLauncherIdentifier = "Xcode.DebuggerFoundation.Launcher.LLDB"
      language = ""
      shouldUseLaunchSchemeArgsEnv = "YES">
      <Testables>
         <TestableReference
            skipped = "NO">
            <BuildableReference
               BuildableIdentifier = "primary"
               BlueprintIdentifier = "3F9996DB1F879A470016C76C"
               BuildableName = "Tests.xctest"
               BlueprintName = "Tests"
               ReferencedContainer = "container:ProtocolBuffers.xcodeproj">
            </BuildableReference>
            <SkippedTests>
               <Test
                  Identifier = "CodedInputStreamTests">
               </Test>
               <Test
                  Identifier = "CodedOuputStreamTests">
               </Test>
               <Test
                  Identifier = "ErrorHandlingTest">
               </Test>
               <Test
                  Identifier = "GeneratedMessageTests">
               </Test>
               <Test
                  Identifier = "MapFieldsTests">
               </Test>
               <Test
                  Identifier = "MessageTests">
               </Test>
               <Test
                  Identifier = "ProtocolBuffersTests">
               </Test>
               <Test
                  Identifier = "RegularPointEqualityTest">
               </Test>
               <Test
                  Identifier = "SizeTest">
               </Test>
               <Test
                  Identifier = "UnknowFieldsTests">
               </Test>
               <Test
                  Identifier = "WireFormatTests">
               </Test>
            </SkippedTests>
         </TestableReference>
      </Testables>
      <MacroExpansion>
         <BuildableReference
            BuildableIdentifier = "primary"
            BlueprintIdentifier = "ProtocolBuffers::ProtocolBuffers"
            BuildableName = "ProtocolBuffers.framework"
            BlueprintName = "ProtocolBuffers"
            ReferencedContainer = "container:ProtocolBuffers.xcodeproj">
         </BuildableReference>
      </MacroExpansion>
      <AdditionalOptions>
      </AdditionalOptions>
   </TestAction>
   <LaunchAction
      buildConfiguration = "Debug"
      selectedDebuggerIdentifier = "Xcode.DebuggerFoundation.Debugger.LLDB"
      selectedLauncherIdentifier = "Xcode.DebuggerFoundation.Launcher.LLDB"
      language = ""
      launchStyle = "0"
      useCustomWorkingDirectory = "NO"
      ignoresPersistentStateOnLaunch = "NO"
      debugDocumentVersioning = "YES"
      debugServiceExtension = "internal"
      allowLocationSimulation = "YES">
      <MacroExpansion>
         <BuildableReference
            BuildableIdentifier = "primary"
            BlueprintIdentifier = "ProtocolBuffers::ProtocolBuffers"
            BuildableName = "ProtocolBuffers.framework"
            BlueprintName = "ProtocolBuffers"
            ReferencedContainer = "container:ProtocolBuffers.xcodeproj">
         </BuildableReference>
      </MacroExpansion>
      <AdditionalOptions>
      </AdditionalOptions>
   </LaunchAction>
   <ProfileAction
      buildConfiguration = "Release"
      shouldUseLaunchSchemeArgsEnv = "YES"
      savedToolIdentifier = ""
      useCustomWorkingDirectory = "NO"
      debugDocumentVersioning = "YES">
      <MacroExpansion>
         <BuildableReference
            BuildableIdentifier = "primary"
            BlueprintIdentifier = "ProtocolBuffers::ProtocolBuffers"
            BuildableName = "ProtocolBuffers.framework"
            BlueprintName = "ProtocolBuffers"
            ReferencedContainer = "container:ProtocolBuffers.xcodeproj">
         </BuildableReference>
      </MacroExpansion>
   </ProfileAction>
   <AnalyzeAction
      buildConfiguration = "Debug">
   </AnalyzeAction>
   <ArchiveAction
      buildConfiguration = "Release"
      revealArchiveInOrganizer = "YES">
   </ArchiveAction>
</Scheme>
