// !$*UTF8*$!
{
	archiveVersion = 1;
	classes = {
	};
	objectVersion = 46;
	objects = {

/* Begin PBXBuildFile section */
		3F99971F1F879BB30016C76C /* CodedInputStreamTests.swift in Sources */ = {isa = PBXBuildFile; fileRef = 3F9997151F879A670016C76C /* CodedInputStreamTests.swift */; };
		3F9997201F879BB30016C76C /* CodedOuputStreamTests.swift in Sources */ = {isa = PBXBuildFile; fileRef = 3F9997191F879A670016C76C /* CodedOuputStreamTests.swift */; };
		3F9997211F879BB30016C76C /* ErrorHandlingTest.swift in Sources */ = {isa = PBXBuildFile; fileRef = 3F9997181F879A670016C76C /* ErrorHandlingTest.swift */; };
		3F9997221F879BB30016C76C /* GeneratedMessageTests.swift in Sources */ = {isa = PBXBuildFile; fileRef = 3F9996E81F879A660016C76C /* GeneratedMessageTests.swift */; };
		3F9997231F879BB30016C76C /* MapFieldsTests.swift in Sources */ = {isa = PBXBuildFile; fileRef = 3F9997171F879A670016C76C /* MapFieldsTests.swift */; };
		3F9997241F879BB30016C76C /* MessageTests.swift in Sources */ = {isa = PBXBuildFile; fileRef = 3F9996E61F879A640016C76C /* MessageTests.swift */; };
		3F9997431F879C180016C76C /* Performance.proto.swift in Sources */ = {isa = PBXBuildFile; fileRef = 3F9996E91F879A660016C76C /* Performance.proto.swift */; };
		3F9997441F879C180016C76C /* ProtocolBuffersTests.swift in Sources */ = {isa = PBXBuildFile; fileRef = 3F9996E71F879A640016C76C /* ProtocolBuffersTests.swift */; };
		3F9997451F879C180016C76C /* SizeTest.swift in Sources */ = {isa = PBXBuildFile; fileRef = 3F9997141F879A670016C76C /* SizeTest.swift */; };
		3F9997461F879C180016C76C /* SmallBlockInputStream.swift in Sources */ = {isa = PBXBuildFile; fileRef = 3F9997161F879A670016C76C /* SmallBlockInputStream.swift */; };
		3F9997471F879C1D0016C76C /* TestUtilities.swift in Sources */ = {isa = PBXBuildFile; fileRef = 3F99971B1F879A670016C76C /* TestUtilities.swift */; };
		3F9997481F879C1D0016C76C /* UnknowFieldsTests.swift in Sources */ = {isa = PBXBuildFile; fileRef = 3F99971D1F879A680016C76C /* UnknowFieldsTests.swift */; };
		3F9997491F879C1D0016C76C /* WireFormatTests.swift in Sources */ = {isa = PBXBuildFile; fileRef = 3F99971C1F879A670016C76C /* WireFormatTests.swift */; };
		3F99974A1F879C250016C76C /* text_format_unittest_data_oneof_implemented.txt in Resources */ = {isa = PBXBuildFile; fileRef = 3F9996EB1F879A660016C76C /* text_format_unittest_data_oneof_implemented.txt */; };
		3F99974B1F879C250016C76C /* text_format_unittest_data.txt in Resources */ = {isa = PBXBuildFile; fileRef = 3F9996EC1F879A660016C76C /* text_format_unittest_data.txt */; };
		3F99974C1F879C250016C76C /* text_format_unittest_data_pointy.txt in Resources */ = {isa = PBXBuildFile; fileRef = 3F9996ED1F879A660016C76C /* text_format_unittest_data_pointy.txt */; };
		3F99974D1F879C250016C76C /* text_format_unittest_extensions_data_pointy.txt in Resources */ = {isa = PBXBuildFile; fileRef = 3F9996EE1F879A660016C76C /* text_format_unittest_extensions_data_pointy.txt */; };
		3F99974E1F879C250016C76C /* delimitedFile.dat in Resources */ = {isa = PBXBuildFile; fileRef = 3F9996EF1F879A660016C76C /* delimitedFile.dat */; };
		3F99974F1F879C250016C76C /* golden_message_oneof_implemented in Resources */ = {isa = PBXBuildFile; fileRef = 3F9996F01F879A660016C76C /* golden_message_oneof_implemented */; };
		3F9997501F879C250016C76C /* bad_utf8_string in Resources */ = {isa = PBXBuildFile; fileRef = 3F9996F11F879A660016C76C /* bad_utf8_string */; };
		3F9997511F879C250016C76C /* text_format_unittest_data_pointy_oneof.txt in Resources */ = {isa = PBXBuildFile; fileRef = 3F9996F21F879A660016C76C /* text_format_unittest_data_pointy_oneof.txt */; };
		3F9997521F879C250016C76C /* golden_message in Resources */ = {isa = PBXBuildFile; fileRef = 3F9996F31F879A660016C76C /* golden_message */; };
		3F9997531F879C250016C76C /* text_format_unittest_extensions_data.txt in Resources */ = {isa = PBXBuildFile; fileRef = 3F9996F41F879A660016C76C /* text_format_unittest_extensions_data.txt */; };
		3F9997541F879C250016C76C /* golden_packed_fields_message in Resources */ = {isa = PBXBuildFile; fileRef = 3F9996F51F879A660016C76C /* golden_packed_fields_message */; };
		3F9997911F879E220016C76C /* Bar.Foo.proto.swift in Sources */ = {isa = PBXBuildFile; fileRef = 3F9997741F879E220016C76C /* Bar.Foo.proto.swift */; };
		3F9997921F879E220016C76C /* ProtobufUnittestImport.UnittestImportPublicLite.proto.swift in Sources */ = {isa = PBXBuildFile; fileRef = 3F9997751F879E220016C76C /* ProtobufUnittestImport.UnittestImportPublicLite.proto.swift */; };
		3F9997931F879E220016C76C /* Proto2NofieldpresenceUnittest.UnittestNoFieldPresence.proto.swift in Sources */ = {isa = PBXBuildFile; fileRef = 3F9997761F879E220016C76C /* Proto2NofieldpresenceUnittest.UnittestNoFieldPresence.proto.swift */; };
		3F9997941F879E220016C76C /* Proto2ArenaUnittest.UnittestNoArenaImport.proto.swift in Sources */ = {isa = PBXBuildFile; fileRef = 3F9997771F879E220016C76C /* Proto2ArenaUnittest.UnittestNoArenaImport.proto.swift */; };
		3F9997951F879E220016C76C /* Google.Protobuf.UnittestEnormousDescriptor.proto.swift in Sources */ = {isa = PBXBuildFile; fileRef = 3F9997781F879E220016C76C /* Google.Protobuf.UnittestEnormousDescriptor.proto.swift */; };
		3F9997961F879E220016C76C /* Baz.Foo.proto.swift in Sources */ = {isa = PBXBuildFile; fileRef = 3F9997791F879E220016C76C /* Baz.Foo.proto.swift */; };
		3F9997971F879E220016C76C /* ProtobufUnittestImport.UnittestImportLite.proto.swift in Sources */ = {isa = PBXBuildFile; fileRef = 3F99977A1F879E220016C76C /* ProtobufUnittestImport.UnittestImportLite.proto.swift */; };
		3F9997981F879E220016C76C /* ProtobufUnittest.UnittestLiteImportsNonlite.proto.swift in Sources */ = {isa = PBXBuildFile; fileRef = 3F99977B1F879E220016C76C /* ProtobufUnittest.UnittestLiteImportsNonlite.proto.swift */; };
		3F9997991F879E220016C76C /* ProtobufUnittest.UnittestEmbedOptimizeFor.proto.swift in Sources */ = {isa = PBXBuildFile; fileRef = 3F99977C1F879E220016C76C /* ProtobufUnittest.UnittestEmbedOptimizeFor.proto.swift */; };
		3F99979A1F879E220016C76C /* ProtobufUnittest.Unittest.proto.swift in Sources */ = {isa = PBXBuildFile; fileRef = 3F99977D1F879E220016C76C /* ProtobufUnittest.Unittest.proto.swift */; };
		3F99979B1F879E220016C76C /* ThreadingTest.swift in Sources */ = {isa = PBXBuildFile; fileRef = 3F99977E1F879E220016C76C /* ThreadingTest.swift */; };
		3F99979C1F879E220016C76C /* ProtobufUnittestImport.UnittestImport.proto.swift in Sources */ = {isa = PBXBuildFile; fileRef = 3F99977F1F879E220016C76C /* ProtobufUnittestImport.UnittestImport.proto.swift */; };
		3F99979D1F879E220016C76C /* ProtobufUnittest.UnittestLite.proto.swift in Sources */ = {isa = PBXBuildFile; fileRef = 3F9997801F879E220016C76C /* ProtobufUnittest.UnittestLite.proto.swift */; };
		3F99979E1F879E220016C76C /* UnittestEmpty.proto.swift in Sources */ = {isa = PBXBuildFile; fileRef = 3F9997811F879E220016C76C /* UnittestEmpty.proto.swift */; };
		3F99979F1F879E220016C76C /* UnittestErrorType.proto.swift in Sources */ = {isa = PBXBuildFile; fileRef = 3F9997821F879E220016C76C /* UnittestErrorType.proto.swift */; };
		3F9997A01F879E220016C76C /* ProtobufUnittestImport.UnittestImportPublic.proto.swift in Sources */ = {isa = PBXBuildFile; fileRef = 3F9997831F879E220016C76C /* ProtobufUnittestImport.UnittestImportPublic.proto.swift */; };
		3F9997A11F879E220016C76C /* ProtobufUnittestNoArena.UnittestNoArena.proto.swift in Sources */ = {isa = PBXBuildFile; fileRef = 3F9997841F879E220016C76C /* ProtobufUnittestNoArena.UnittestNoArena.proto.swift */; };
		3F9997A21F879E220016C76C /* ProtobufUnittest.UnittestWellKnownTypes.proto.swift in Sources */ = {isa = PBXBuildFile; fileRef = 3F9997851F879E220016C76C /* ProtobufUnittest.UnittestWellKnownTypes.proto.swift */; };
		3F9997A31F879E220016C76C /* UnittestStruct.proto.swift in Sources */ = {isa = PBXBuildFile; fileRef = 3F9997861F879E220016C76C /* UnittestStruct.proto.swift */; };
		3F9997A41F879E220016C76C /* ProtobufUnittest.UnittestMset.proto.swift in Sources */ = {isa = PBXBuildFile; fileRef = 3F9997871F879E220016C76C /* ProtobufUnittest.UnittestMset.proto.swift */; };
		3F9997A51F879E220016C76C /* Google.Protobuf.NoGenericServicesTest.UnittestNoGenericServices.proto.swift in Sources */ = {isa = PBXBuildFile; fileRef = 3F9997881F879E220016C76C /* Google.Protobuf.NoGenericServicesTest.UnittestNoGenericServices.proto.swift */; };
		3F9997A61F879E220016C76C /* Proto2ArenaUnittest.UnittestArena.proto.swift in Sources */ = {isa = PBXBuildFile; fileRef = 3F9997891F879E220016C76C /* Proto2ArenaUnittest.UnittestArena.proto.swift */; };
		3F9997A71F879E220016C76C /* UnittestThreading.proto.swift in Sources */ = {isa = PBXBuildFile; fileRef = 3F99978A1F879E220016C76C /* UnittestThreading.proto.swift */; };
		3F9997A81F879E220016C76C /* UnittestDropUnknownFields.UnittestDropUnknownFields.proto.swift in Sources */ = {isa = PBXBuildFile; fileRef = 3F99978B1F879E220016C76C /* UnittestDropUnknownFields.UnittestDropUnknownFields.proto.swift */; };
		3F9997A91F879E220016C76C /* SwiftProtobufUnittest.UnittestMaps.proto.swift in Sources */ = {isa = PBXBuildFile; fileRef = 3F99978C1F879E220016C76C /* SwiftProtobufUnittest.UnittestMaps.proto.swift */; };
		3F9997AA1F879E220016C76C /* Proto3PreserveUnknownEnumUnittest.UnittestPreserveUnknownEnum.proto.swift in Sources */ = {isa = PBXBuildFile; fileRef = 3F99978D1F879E220016C76C /* Proto3PreserveUnknownEnumUnittest.UnittestPreserveUnknownEnum.proto.swift */; };
		3F9997AB1F879E220016C76C /* ProtobufUnittest.UnittestOptimizeFor.proto.swift in Sources */ = {isa = PBXBuildFile; fileRef = 3F99978E1F879E220016C76C /* ProtobufUnittest.UnittestOptimizeFor.proto.swift */; };
		3F9997AC1F879E220016C76C /* Proto3ArenaUnittest.UnittestProto3Arena.proto.swift in Sources */ = {isa = PBXBuildFile; fileRef = 3F99978F1F879E220016C76C /* Proto3ArenaUnittest.UnittestProto3Arena.proto.swift */; };
		3F9997AD1F879E220016C76C /* ProtobufUnittest.UnittestCustomOptions.proto.swift in Sources */ = {isa = PBXBuildFile; fileRef = 3F9997901F879E220016C76C /* ProtobufUnittest.UnittestCustomOptions.proto.swift */; };
		OBJ_44 /* Package.swift in Sources */ = {isa = PBXBuildFile; fileRef = OBJ_6 /* Package.swift */; };
		OBJ_50 /* AbstractMessage.swift in Sources */ = {isa = PBXBuildFile; fileRef = OBJ_8 /* AbstractMessage.swift */; };
		OBJ_51 /* CodedInputStream.swift in Sources */ = {isa = PBXBuildFile; fileRef = OBJ_9 /* CodedInputStream.swift */; };
		OBJ_52 /* CodedOutputStream.swift in Sources */ = {isa = PBXBuildFile; fileRef = OBJ_10 /* CodedOutputStream.swift */; };
		OBJ_53 /* ConcreateExtensionField.swift in Sources */ = {isa = PBXBuildFile; fileRef = OBJ_11 /* ConcreateExtensionField.swift */; };
		OBJ_54 /* ExtendableMessage.swift in Sources */ = {isa = PBXBuildFile; fileRef = OBJ_12 /* ExtendableMessage.swift */; };
		OBJ_55 /* ExtensionRegistry.swift in Sources */ = {isa = PBXBuildFile; fileRef = OBJ_13 /* ExtensionRegistry.swift */; };
		OBJ_56 /* Field.swift in Sources */ = {isa = PBXBuildFile; fileRef = OBJ_14 /* Field.swift */; };
		OBJ_57 /* GeneratedMessage.swift in Sources */ = {isa = PBXBuildFile; fileRef = OBJ_15 /* GeneratedMessage.swift */; };
		OBJ_58 /* Google.Protobuf.Any.proto.swift in Sources */ = {isa = PBXBuildFile; fileRef = OBJ_16 /* Google.Protobuf.Any.proto.swift */; };
		OBJ_59 /* Google.Protobuf.Api.proto.swift in Sources */ = {isa = PBXBuildFile; fileRef = OBJ_17 /* Google.Protobuf.Api.proto.swift */; };
		OBJ_60 /* Google.Protobuf.Compiler.Plugin.proto.swift in Sources */ = {isa = PBXBuildFile; fileRef = OBJ_18 /* Google.Protobuf.Compiler.Plugin.proto.swift */; };
		OBJ_61 /* Google.Protobuf.Descriptor.proto.swift in Sources */ = {isa = PBXBuildFile; fileRef = OBJ_19 /* Google.Protobuf.Descriptor.proto.swift */; };
		OBJ_62 /* Google.Protobuf.Duration.proto.swift in Sources */ = {isa = PBXBuildFile; fileRef = OBJ_20 /* Google.Protobuf.Duration.proto.swift */; };
		OBJ_63 /* Google.Protobuf.Empty.proto.swift in Sources */ = {isa = PBXBuildFile; fileRef = OBJ_21 /* Google.Protobuf.Empty.proto.swift */; };
		OBJ_64 /* Google.Protobuf.FieldMask.proto.swift in Sources */ = {isa = PBXBuildFile; fileRef = OBJ_22 /* Google.Protobuf.FieldMask.proto.swift */; };
		OBJ_65 /* Google.Protobuf.SourceContext.proto.swift in Sources */ = {isa = PBXBuildFile; fileRef = OBJ_23 /* Google.Protobuf.SourceContext.proto.swift */; };
		OBJ_66 /* Google.Protobuf.Struct.proto.swift in Sources */ = {isa = PBXBuildFile; fileRef = OBJ_24 /* Google.Protobuf.Struct.proto.swift */; };
		OBJ_67 /* Google.Protobuf.SwiftDescriptor.proto.swift in Sources */ = {isa = PBXBuildFile; fileRef = OBJ_25 /* Google.Protobuf.SwiftDescriptor.proto.swift */; };
		OBJ_68 /* Google.Protobuf.Timestamp.proto.swift in Sources */ = {isa = PBXBuildFile; fileRef = OBJ_26 /* Google.Protobuf.Timestamp.proto.swift */; };
		OBJ_69 /* Google.Protobuf.Type.proto.swift in Sources */ = {isa = PBXBuildFile; fileRef = OBJ_27 /* Google.Protobuf.Type.proto.swift */; };
		OBJ_70 /* Google.Protobuf.Wrappers.proto.swift in Sources */ = {isa = PBXBuildFile; fileRef = OBJ_28 /* Google.Protobuf.Wrappers.proto.swift */; };
		OBJ_71 /* RingBuffer.swift in Sources */ = {isa = PBXBuildFile; fileRef = OBJ_29 /* RingBuffer.swift */; };
		OBJ_72 /* UnknownFieldSet.swift in Sources */ = {isa = PBXBuildFile; fileRef = OBJ_30 /* UnknownFieldSet.swift */; };
		OBJ_73 /* WireFormat.swift in Sources */ = {isa = PBXBuildFile; fileRef = OBJ_31 /* WireFormat.swift */; };
/* End PBXBuildFile section */

/* Begin PBXContainerItemProxy section */
		3F9996E11F879A470016C76C /* PBXContainerItemProxy */ = {
			isa = PBXContainerItemProxy;
			containerPortal = OBJ_1 /* Project object */;
			proxyType = 1;
			remoteGlobalIDString = "ProtocolBuffers::SwiftPMPackageDescription";
			remoteInfo = ProtocolBuffersPackageDescription;
		};
/* End PBXContainerItemProxy section */

/* Begin PBXFileReference section */
		3F9996DC1F879A470016C76C /* Tests.xctest */ = {isa = PBXFileReference; explicitFileType = wrapper.cfbundle; includeInIndex = 0; path = Tests.xctest; sourceTree = BUILT_PRODUCTS_DIR; };
		3F9996E61F879A640016C76C /* MessageTests.swift */ = {isa = PBXFileReference; lastKnownFileType = sourcecode.swift; name = MessageTests.swift; path = plugin/Tests/MessageTests.swift; sourceTree = "<group>"; };
		3F9996E71F879A640016C76C /* ProtocolBuffersTests.swift */ = {isa = PBXFileReference; lastKnownFileType = sourcecode.swift; name = ProtocolBuffersTests.swift; path = plugin/Tests/ProtocolBuffersTests.swift; sourceTree = "<group>"; };
		3F9996E81F879A660016C76C /* GeneratedMessageTests.swift */ = {isa = PBXFileReference; lastKnownFileType = sourcecode.swift; name = GeneratedMessageTests.swift; path = plugin/Tests/GeneratedMessageTests.swift; sourceTree = "<group>"; };
		3F9996E91F879A660016C76C /* Performance.proto.swift */ = {isa = PBXFileReference; lastKnownFileType = sourcecode.swift; name = Performance.proto.swift; path = plugin/Tests/Performance.proto.swift; sourceTree = "<group>"; };
		3F9996EB1F879A660016C76C /* text_format_unittest_data_oneof_implemented.txt */ = {isa = PBXFileReference; lastKnownFileType = text; path = text_format_unittest_data_oneof_implemented.txt; sourceTree = "<group>"; };
		3F9996EC1F879A660016C76C /* text_format_unittest_data.txt */ = {isa = PBXFileReference; lastKnownFileType = text; path = text_format_unittest_data.txt; sourceTree = "<group>"; };
		3F9996ED1F879A660016C76C /* text_format_unittest_data_pointy.txt */ = {isa = PBXFileReference; lastKnownFileType = text; path = text_format_unittest_data_pointy.txt; sourceTree = "<group>"; };
		3F9996EE1F879A660016C76C /* text_format_unittest_extensions_data_pointy.txt */ = {isa = PBXFileReference; lastKnownFileType = text; path = text_format_unittest_extensions_data_pointy.txt; sourceTree = "<group>"; };
		3F9996EF1F879A660016C76C /* delimitedFile.dat */ = {isa = PBXFileReference; lastKnownFileType = text; path = delimitedFile.dat; sourceTree = "<group>"; };
		3F9996F01F879A660016C76C /* golden_message_oneof_implemented */ = {isa = PBXFileReference; lastKnownFileType = file; path = golden_message_oneof_implemented; sourceTree = "<group>"; };
		3F9996F11F879A660016C76C /* bad_utf8_string */ = {isa = PBXFileReference; lastKnownFileType = file; path = bad_utf8_string; sourceTree = "<group>"; };
		3F9996F21F879A660016C76C /* text_format_unittest_data_pointy_oneof.txt */ = {isa = PBXFileReference; lastKnownFileType = text; path = text_format_unittest_data_pointy_oneof.txt; sourceTree = "<group>"; };
		3F9996F31F879A660016C76C /* golden_message */ = {isa = PBXFileReference; lastKnownFileType = file; path = golden_message; sourceTree = "<group>"; };
		3F9996F41F879A660016C76C /* text_format_unittest_extensions_data.txt */ = {isa = PBXFileReference; lastKnownFileType = text; path = text_format_unittest_extensions_data.txt; sourceTree = "<group>"; };
		3F9996F51F879A660016C76C /* golden_packed_fields_message */ = {isa = PBXFileReference; lastKnownFileType = file; path = golden_packed_fields_message; sourceTree = "<group>"; };
		3F9997141F879A670016C76C /* SizeTest.swift */ = {isa = PBXFileReference; lastKnownFileType = sourcecode.swift; name = SizeTest.swift; path = plugin/Tests/SizeTest.swift; sourceTree = "<group>"; };
		3F9997151F879A670016C76C /* CodedInputStreamTests.swift */ = {isa = PBXFileReference; lastKnownFileType = sourcecode.swift; name = CodedInputStreamTests.swift; path = plugin/Tests/CodedInputStreamTests.swift; sourceTree = "<group>"; };
		3F9997161F879A670016C76C /* SmallBlockInputStream.swift */ = {isa = PBXFileReference; lastKnownFileType = sourcecode.swift; name = SmallBlockInputStream.swift; path = plugin/Tests/SmallBlockInputStream.swift; sourceTree = "<group>"; };
		3F9997171F879A670016C76C /* MapFieldsTests.swift */ = {isa = PBXFileReference; lastKnownFileType = sourcecode.swift; name = MapFieldsTests.swift; path = plugin/Tests/MapFieldsTests.swift; sourceTree = "<group>"; };
		3F9997181F879A670016C76C /* ErrorHandlingTest.swift */ = {isa = PBXFileReference; lastKnownFileType = sourcecode.swift; name = ErrorHandlingTest.swift; path = plugin/Tests/ErrorHandlingTest.swift; sourceTree = "<group>"; };
		3F9997191F879A670016C76C /* CodedOuputStreamTests.swift */ = {isa = PBXFileReference; lastKnownFileType = sourcecode.swift; name = CodedOuputStreamTests.swift; path = plugin/Tests/CodedOuputStreamTests.swift; sourceTree = "<group>"; };
		3F99971B1F879A670016C76C /* TestUtilities.swift */ = {isa = PBXFileReference; lastKnownFileType = sourcecode.swift; name = TestUtilities.swift; path = plugin/Tests/TestUtilities.swift; sourceTree = "<group>"; };
		3F99971C1F879A670016C76C /* WireFormatTests.swift */ = {isa = PBXFileReference; lastKnownFileType = sourcecode.swift; name = WireFormatTests.swift; path = plugin/Tests/WireFormatTests.swift; sourceTree = "<group>"; };
		3F99971D1F879A680016C76C /* UnknowFieldsTests.swift */ = {isa = PBXFileReference; lastKnownFileType = sourcecode.swift; name = UnknowFieldsTests.swift; path = plugin/Tests/UnknowFieldsTests.swift; sourceTree = "<group>"; };
		3F99971E1F879AE90016C76C /* Info.plist */ = {isa = PBXFileReference; fileEncoding = 4; lastKnownFileType = text.plist.xml; name = Info.plist; path = plugin/Tests/Info.plist; sourceTree = "<group>"; };
		3F9997741F879E220016C76C /* Bar.Foo.proto.swift */ = {isa = PBXFileReference; fileEncoding = 4; lastKnownFileType = sourcecode.swift; path = Bar.Foo.proto.swift; sourceTree = "<group>"; };
		3F9997751F879E220016C76C /* ProtobufUnittestImport.UnittestImportPublicLite.proto.swift */ = {isa = PBXFileReference; fileEncoding = 4; lastKnownFileType = sourcecode.swift; path = ProtobufUnittestImport.UnittestImportPublicLite.proto.swift; sourceTree = "<group>"; };
		3F9997761F879E220016C76C /* Proto2NofieldpresenceUnittest.UnittestNoFieldPresence.proto.swift */ = {isa = PBXFileReference; fileEncoding = 4; lastKnownFileType = sourcecode.swift; path = Proto2NofieldpresenceUnittest.UnittestNoFieldPresence.proto.swift; sourceTree = "<group>"; };
		3F9997771F879E220016C76C /* Proto2ArenaUnittest.UnittestNoArenaImport.proto.swift */ = {isa = PBXFileReference; fileEncoding = 4; lastKnownFileType = sourcecode.swift; path = Proto2ArenaUnittest.UnittestNoArenaImport.proto.swift; sourceTree = "<group>"; };
		3F9997781F879E220016C76C /* Google.Protobuf.UnittestEnormousDescriptor.proto.swift */ = {isa = PBXFileReference; fileEncoding = 4; lastKnownFileType = sourcecode.swift; path = Google.Protobuf.UnittestEnormousDescriptor.proto.swift; sourceTree = "<group>"; };
		3F9997791F879E220016C76C /* Baz.Foo.proto.swift */ = {isa = PBXFileReference; fileEncoding = 4; lastKnownFileType = sourcecode.swift; path = Baz.Foo.proto.swift; sourceTree = "<group>"; };
		3F99977A1F879E220016C76C /* ProtobufUnittestImport.UnittestImportLite.proto.swift */ = {isa = PBXFileReference; fileEncoding = 4; lastKnownFileType = sourcecode.swift; path = ProtobufUnittestImport.UnittestImportLite.proto.swift; sourceTree = "<group>"; };
		3F99977B1F879E220016C76C /* ProtobufUnittest.UnittestLiteImportsNonlite.proto.swift */ = {isa = PBXFileReference; fileEncoding = 4; lastKnownFileType = sourcecode.swift; path = ProtobufUnittest.UnittestLiteImportsNonlite.proto.swift; sourceTree = "<group>"; };
		3F99977C1F879E220016C76C /* ProtobufUnittest.UnittestEmbedOptimizeFor.proto.swift */ = {isa = PBXFileReference; fileEncoding = 4; lastKnownFileType = sourcecode.swift; path = ProtobufUnittest.UnittestEmbedOptimizeFor.proto.swift; sourceTree = "<group>"; };
		3F99977D1F879E220016C76C /* ProtobufUnittest.Unittest.proto.swift */ = {isa = PBXFileReference; fileEncoding = 4; lastKnownFileType = sourcecode.swift; path = ProtobufUnittest.Unittest.proto.swift; sourceTree = "<group>"; };
		3F99977E1F879E220016C76C /* ThreadingTest.swift */ = {isa = PBXFileReference; fileEncoding = 4; lastKnownFileType = sourcecode.swift; path = ThreadingTest.swift; sourceTree = "<group>"; };
		3F99977F1F879E220016C76C /* ProtobufUnittestImport.UnittestImport.proto.swift */ = {isa = PBXFileReference; fileEncoding = 4; lastKnownFileType = sourcecode.swift; path = ProtobufUnittestImport.UnittestImport.proto.swift; sourceTree = "<group>"; };
		3F9997801F879E220016C76C /* ProtobufUnittest.UnittestLite.proto.swift */ = {isa = PBXFileReference; fileEncoding = 4; lastKnownFileType = sourcecode.swift; path = ProtobufUnittest.UnittestLite.proto.swift; sourceTree = "<group>"; };
		3F9997811F879E220016C76C /* UnittestEmpty.proto.swift */ = {isa = PBXFileReference; fileEncoding = 4; lastKnownFileType = sourcecode.swift; path = UnittestEmpty.proto.swift; sourceTree = "<group>"; };
		3F9997821F879E220016C76C /* UnittestErrorType.proto.swift */ = {isa = PBXFileReference; fileEncoding = 4; lastKnownFileType = sourcecode.swift; path = UnittestErrorType.proto.swift; sourceTree = "<group>"; };
		3F9997831F879E220016C76C /* ProtobufUnittestImport.UnittestImportPublic.proto.swift */ = {isa = PBXFileReference; fileEncoding = 4; lastKnownFileType = sourcecode.swift; path = ProtobufUnittestImport.UnittestImportPublic.proto.swift; sourceTree = "<group>"; };
		3F9997841F879E220016C76C /* ProtobufUnittestNoArena.UnittestNoArena.proto.swift */ = {isa = PBXFileReference; fileEncoding = 4; lastKnownFileType = sourcecode.swift; path = ProtobufUnittestNoArena.UnittestNoArena.proto.swift; sourceTree = "<group>"; };
		3F9997851F879E220016C76C /* ProtobufUnittest.UnittestWellKnownTypes.proto.swift */ = {isa = PBXFileReference; fileEncoding = 4; lastKnownFileType = sourcecode.swift; path = ProtobufUnittest.UnittestWellKnownTypes.proto.swift; sourceTree = "<group>"; };
		3F9997861F879E220016C76C /* UnittestStruct.proto.swift */ = {isa = PBXFileReference; fileEncoding = 4; lastKnownFileType = sourcecode.swift; path = UnittestStruct.proto.swift; sourceTree = "<group>"; };
		3F9997871F879E220016C76C /* ProtobufUnittest.UnittestMset.proto.swift */ = {isa = PBXFileReference; fileEncoding = 4; lastKnownFileType = sourcecode.swift; path = ProtobufUnittest.UnittestMset.proto.swift; sourceTree = "<group>"; };
		3F9997881F879E220016C76C /* Google.Protobuf.NoGenericServicesTest.UnittestNoGenericServices.proto.swift */ = {isa = PBXFileReference; fileEncoding = 4; lastKnownFileType = sourcecode.swift; path = Google.Protobuf.NoGenericServicesTest.UnittestNoGenericServices.proto.swift; sourceTree = "<group>"; };
		3F9997891F879E220016C76C /* Proto2ArenaUnittest.UnittestArena.proto.swift */ = {isa = PBXFileReference; fileEncoding = 4; lastKnownFileType = sourcecode.swift; path = Proto2ArenaUnittest.UnittestArena.proto.swift; sourceTree = "<group>"; };
		3F99978A1F879E220016C76C /* UnittestThreading.proto.swift */ = {isa = PBXFileReference; fileEncoding = 4; lastKnownFileType = sourcecode.swift; path = UnittestThreading.proto.swift; sourceTree = "<group>"; };
		3F99978B1F879E220016C76C /* UnittestDropUnknownFields.UnittestDropUnknownFields.proto.swift */ = {isa = PBXFileReference; fileEncoding = 4; lastKnownFileType = sourcecode.swift; path = UnittestDropUnknownFields.UnittestDropUnknownFields.proto.swift; sourceTree = "<group>"; };
		3F99978C1F879E220016C76C /* SwiftProtobufUnittest.UnittestMaps.proto.swift */ = {isa = PBXFileReference; fileEncoding = 4; lastKnownFileType = sourcecode.swift; path = SwiftProtobufUnittest.UnittestMaps.proto.swift; sourceTree = "<group>"; };
		3F99978D1F879E220016C76C /* Proto3PreserveUnknownEnumUnittest.UnittestPreserveUnknownEnum.proto.swift */ = {isa = PBXFileReference; fileEncoding = 4; lastKnownFileType = sourcecode.swift; path = Proto3PreserveUnknownEnumUnittest.UnittestPreserveUnknownEnum.proto.swift; sourceTree = "<group>"; };
		3F99978E1F879E220016C76C /* ProtobufUnittest.UnittestOptimizeFor.proto.swift */ = {isa = PBXFileReference; fileEncoding = 4; lastKnownFileType = sourcecode.swift; path = ProtobufUnittest.UnittestOptimizeFor.proto.swift; sourceTree = "<group>"; };
		3F99978F1F879E220016C76C /* Proto3ArenaUnittest.UnittestProto3Arena.proto.swift */ = {isa = PBXFileReference; fileEncoding = 4; lastKnownFileType = sourcecode.swift; path = Proto3ArenaUnittest.UnittestProto3Arena.proto.swift; sourceTree = "<group>"; };
		3F9997901F879E220016C76C /* ProtobufUnittest.UnittestCustomOptions.proto.swift */ = {isa = PBXFileReference; fileEncoding = 4; lastKnownFileType = sourcecode.swift; path = ProtobufUnittest.UnittestCustomOptions.proto.swift; sourceTree = "<group>"; };
		OBJ_10 /* CodedOutputStream.swift */ = {isa = PBXFileReference; lastKnownFileType = sourcecode.swift; path = CodedOutputStream.swift; sourceTree = "<group>"; };
		OBJ_11 /* ConcreateExtensionField.swift */ = {isa = PBXFileReference; lastKnownFileType = sourcecode.swift; path = ConcreateExtensionField.swift; sourceTree = "<group>"; };
		OBJ_12 /* ExtendableMessage.swift */ = {isa = PBXFileReference; lastKnownFileType = sourcecode.swift; path = ExtendableMessage.swift; sourceTree = "<group>"; };
		OBJ_13 /* ExtensionRegistry.swift */ = {isa = PBXFileReference; lastKnownFileType = sourcecode.swift; path = ExtensionRegistry.swift; sourceTree = "<group>"; };
		OBJ_14 /* Field.swift */ = {isa = PBXFileReference; lastKnownFileType = sourcecode.swift; path = Field.swift; sourceTree = "<group>"; };
		OBJ_15 /* GeneratedMessage.swift */ = {isa = PBXFileReference; lastKnownFileType = sourcecode.swift; path = GeneratedMessage.swift; sourceTree = "<group>"; };
		OBJ_16 /* Google.Protobuf.Any.proto.swift */ = {isa = PBXFileReference; lastKnownFileType = sourcecode.swift; path = Google.Protobuf.Any.proto.swift; sourceTree = "<group>"; };
		OBJ_17 /* Google.Protobuf.Api.proto.swift */ = {isa = PBXFileReference; lastKnownFileType = sourcecode.swift; path = Google.Protobuf.Api.proto.swift; sourceTree = "<group>"; };
		OBJ_18 /* Google.Protobuf.Compiler.Plugin.proto.swift */ = {isa = PBXFileReference; lastKnownFileType = sourcecode.swift; path = Google.Protobuf.Compiler.Plugin.proto.swift; sourceTree = "<group>"; };
		OBJ_19 /* Google.Protobuf.Descriptor.proto.swift */ = {isa = PBXFileReference; lastKnownFileType = sourcecode.swift; path = Google.Protobuf.Descriptor.proto.swift; sourceTree = "<group>"; };
		OBJ_20 /* Google.Protobuf.Duration.proto.swift */ = {isa = PBXFileReference; lastKnownFileType = sourcecode.swift; path = Google.Protobuf.Duration.proto.swift; sourceTree = "<group>"; };
		OBJ_21 /* Google.Protobuf.Empty.proto.swift */ = {isa = PBXFileReference; lastKnownFileType = sourcecode.swift; path = Google.Protobuf.Empty.proto.swift; sourceTree = "<group>"; };
		OBJ_22 /* Google.Protobuf.FieldMask.proto.swift */ = {isa = PBXFileReference; lastKnownFileType = sourcecode.swift; path = Google.Protobuf.FieldMask.proto.swift; sourceTree = "<group>"; };
		OBJ_23 /* Google.Protobuf.SourceContext.proto.swift */ = {isa = PBXFileReference; lastKnownFileType = sourcecode.swift; path = Google.Protobuf.SourceContext.proto.swift; sourceTree = "<group>"; };
		OBJ_24 /* Google.Protobuf.Struct.proto.swift */ = {isa = PBXFileReference; lastKnownFileType = sourcecode.swift; path = Google.Protobuf.Struct.proto.swift; sourceTree = "<group>"; };
		OBJ_25 /* Google.Protobuf.SwiftDescriptor.proto.swift */ = {isa = PBXFileReference; lastKnownFileType = sourcecode.swift; path = Google.Protobuf.SwiftDescriptor.proto.swift; sourceTree = "<group>"; };
		OBJ_26 /* Google.Protobuf.Timestamp.proto.swift */ = {isa = PBXFileReference; lastKnownFileType = sourcecode.swift; path = Google.Protobuf.Timestamp.proto.swift; sourceTree = "<group>"; };
		OBJ_27 /* Google.Protobuf.Type.proto.swift */ = {isa = PBXFileReference; lastKnownFileType = sourcecode.swift; path = Google.Protobuf.Type.proto.swift; sourceTree = "<group>"; };
		OBJ_28 /* Google.Protobuf.Wrappers.proto.swift */ = {isa = PBXFileReference; lastKnownFileType = sourcecode.swift; path = Google.Protobuf.Wrappers.proto.swift; sourceTree = "<group>"; };
		OBJ_29 /* RingBuffer.swift */ = {isa = PBXFileReference; lastKnownFileType = sourcecode.swift; path = RingBuffer.swift; sourceTree = "<group>"; };
		OBJ_30 /* UnknownFieldSet.swift */ = {isa = PBXFileReference; lastKnownFileType = sourcecode.swift; path = UnknownFieldSet.swift; sourceTree = "<group>"; };
		OBJ_31 /* WireFormat.swift */ = {isa = PBXFileReference; lastKnownFileType = sourcecode.swift; path = WireFormat.swift; sourceTree = "<group>"; };
		OBJ_6 /* Package.swift */ = {isa = PBXFileReference; explicitFileType = sourcecode.swift; path = Package.swift; sourceTree = "<group>"; };
		OBJ_8 /* AbstractMessage.swift */ = {isa = PBXFileReference; lastKnownFileType = sourcecode.swift; path = AbstractMessage.swift; sourceTree = "<group>"; };
		OBJ_9 /* CodedInputStream.swift */ = {isa = PBXFileReference; lastKnownFileType = sourcecode.swift; path = CodedInputStream.swift; sourceTree = "<group>"; };
		"ProtocolBuffers::ProtocolBuffers::Product" /* ProtocolBuffers.framework */ = {isa = PBXFileReference; lastKnownFileType = wrapper.framework; path = ProtocolBuffers.framework; sourceTree = BUILT_PRODUCTS_DIR; };
/* End PBXFileReference section */

/* Begin PBXFrameworksBuildPhase section */
		3F9996D91F879A470016C76C /* Frameworks */ = {
			isa = PBXFrameworksBuildPhase;
			buildActionMask = 2147483647;
			files = (
			);
			runOnlyForDeploymentPostprocessing = 0;
		};
		OBJ_74 /* Frameworks */ = {
			isa = PBXFrameworksBuildPhase;
			buildActionMask = 0;
			files = (
			);
			runOnlyForDeploymentPostprocessing = 0;
		};
/* End PBXFrameworksBuildPhase section */

/* Begin PBXGroup section */
		3F9996EA1F879A660016C76C /* testdata */ = {
			isa = PBXGroup;
			children = (
				3F9996EB1F879A660016C76C /* text_format_unittest_data_oneof_implemented.txt */,
				3F9996EC1F879A660016C76C /* text_format_unittest_data.txt */,
				3F9996ED1F879A660016C76C /* text_format_unittest_data_pointy.txt */,
				3F9996EE1F879A660016C76C /* text_format_unittest_extensions_data_pointy.txt */,
				3F9996EF1F879A660016C76C /* delimitedFile.dat */,
				3F9996F01F879A660016C76C /* golden_message_oneof_implemented */,
				3F9996F11F879A660016C76C /* bad_utf8_string */,
				3F9996F21F879A660016C76C /* text_format_unittest_data_pointy_oneof.txt */,
				3F9996F31F879A660016C76C /* golden_message */,
				3F9996F41F879A660016C76C /* text_format_unittest_extensions_data.txt */,
				3F9996F51F879A660016C76C /* golden_packed_fields_message */,
			);
			name = testdata;
			path = plugin/Tests/testdata;
			sourceTree = "<group>";
		};
		3F9997731F879E220016C76C /* pbTests */ = {
			isa = PBXGroup;
			children = (
				3F9997741F879E220016C76C /* Bar.Foo.proto.swift */,
				3F9997751F879E220016C76C /* ProtobufUnittestImport.UnittestImportPublicLite.proto.swift */,
				3F9997761F879E220016C76C /* Proto2NofieldpresenceUnittest.UnittestNoFieldPresence.proto.swift */,
				3F9997771F879E220016C76C /* Proto2ArenaUnittest.UnittestNoArenaImport.proto.swift */,
				3F9997781F879E220016C76C /* Google.Protobuf.UnittestEnormousDescriptor.proto.swift */,
				3F9997791F879E220016C76C /* Baz.Foo.proto.swift */,
				3F99977A1F879E220016C76C /* ProtobufUnittestImport.UnittestImportLite.proto.swift */,
				3F99977B1F879E220016C76C /* ProtobufUnittest.UnittestLiteImportsNonlite.proto.swift */,
				3F99977C1F879E220016C76C /* ProtobufUnittest.UnittestEmbedOptimizeFor.proto.swift */,
				3F99977D1F879E220016C76C /* ProtobufUnittest.Unittest.proto.swift */,
				3F99977E1F879E220016C76C /* ThreadingTest.swift */,
				3F99977F1F879E220016C76C /* ProtobufUnittestImport.UnittestImport.proto.swift */,
				3F9997801F879E220016C76C /* ProtobufUnittest.UnittestLite.proto.swift */,
				3F9997811F879E220016C76C /* UnittestEmpty.proto.swift */,
				3F9997821F879E220016C76C /* UnittestErrorType.proto.swift */,
				3F9997831F879E220016C76C /* ProtobufUnittestImport.UnittestImportPublic.proto.swift */,
				3F9997841F879E220016C76C /* ProtobufUnittestNoArena.UnittestNoArena.proto.swift */,
				3F9997851F879E220016C76C /* ProtobufUnittest.UnittestWellKnownTypes.proto.swift */,
				3F9997861F879E220016C76C /* UnittestStruct.proto.swift */,
				3F9997871F879E220016C76C /* ProtobufUnittest.UnittestMset.proto.swift */,
				3F9997881F879E220016C76C /* Google.Protobuf.NoGenericServicesTest.UnittestNoGenericServices.proto.swift */,
				3F9997891F879E220016C76C /* Proto2ArenaUnittest.UnittestArena.proto.swift */,
				3F99978A1F879E220016C76C /* UnittestThreading.proto.swift */,
				3F99978B1F879E220016C76C /* UnittestDropUnknownFields.UnittestDropUnknownFields.proto.swift */,
				3F99978C1F879E220016C76C /* SwiftProtobufUnittest.UnittestMaps.proto.swift */,
				3F99978D1F879E220016C76C /* Proto3PreserveUnknownEnumUnittest.UnittestPreserveUnknownEnum.proto.swift */,
				3F99978E1F879E220016C76C /* ProtobufUnittest.UnittestOptimizeFor.proto.swift */,
				3F99978F1F879E220016C76C /* Proto3ArenaUnittest.UnittestProto3Arena.proto.swift */,
				3F9997901F879E220016C76C /* ProtobufUnittest.UnittestCustomOptions.proto.swift */,
			);
			name = pbTests;
			path = plugin/Tests/pbTests;
			sourceTree = "<group>";
		};
		OBJ_32 /* Tests */ = {
			isa = PBXGroup;
			children = (
				3F99971E1F879AE90016C76C /* Info.plist */,
				3F9997151F879A670016C76C /* CodedInputStreamTests.swift */,
				3F9997191F879A670016C76C /* CodedOuputStreamTests.swift */,
				3F9997181F879A670016C76C /* ErrorHandlingTest.swift */,
				3F9996E81F879A660016C76C /* GeneratedMessageTests.swift */,
				3F9997171F879A670016C76C /* MapFieldsTests.swift */,
				3F9996E61F879A640016C76C /* MessageTests.swift */,
				3F9996E91F879A660016C76C /* Performance.proto.swift */,
				3F9996E71F879A640016C76C /* ProtocolBuffersTests.swift */,
				3F9997141F879A670016C76C /* SizeTest.swift */,
				3F9997161F879A670016C76C /* SmallBlockInputStream.swift */,
				3F99971B1F879A670016C76C /* TestUtilities.swift */,
				3F99971D1F879A680016C76C /* UnknowFieldsTests.swift */,
				3F99971C1F879A670016C76C /* WireFormatTests.swift */,
				3F9997731F879E220016C76C /* pbTests */,
				3F9996EA1F879A660016C76C /* testdata */,
			);
			name = Tests;
			sourceTree = SOURCE_ROOT;
		};
		OBJ_37 /* Products */ = {
			isa = PBXGroup;
			children = (
				"ProtocolBuffers::ProtocolBuffers::Product" /* ProtocolBuffers.framework */,
				3F9996DC1F879A470016C76C /* Tests.xctest */,
			);
			name = Products;
			sourceTree = BUILT_PRODUCTS_DIR;
		};
		OBJ_5 = {
			isa = PBXGroup;
			children = (
				OBJ_6 /* Package.swift */,
				OBJ_7 /* Sources */,
				OBJ_32 /* Tests */,
				OBJ_37 /* Products */,
			);
			sourceTree = "<group>";
		};
		OBJ_7 /* Sources */ = {
			isa = PBXGroup;
			children = (
				OBJ_8 /* AbstractMessage.swift */,
				OBJ_9 /* CodedInputStream.swift */,
				OBJ_10 /* CodedOutputStream.swift */,
				OBJ_11 /* ConcreateExtensionField.swift */,
				OBJ_12 /* ExtendableMessage.swift */,
				OBJ_13 /* ExtensionRegistry.swift */,
				OBJ_14 /* Field.swift */,
				OBJ_15 /* GeneratedMessage.swift */,
				OBJ_16 /* Google.Protobuf.Any.proto.swift */,
				OBJ_17 /* Google.Protobuf.Api.proto.swift */,
				OBJ_18 /* Google.Protobuf.Compiler.Plugin.proto.swift */,
				OBJ_19 /* Google.Protobuf.Descriptor.proto.swift */,
				OBJ_20 /* Google.Protobuf.Duration.proto.swift */,
				OBJ_21 /* Google.Protobuf.Empty.proto.swift */,
				OBJ_22 /* Google.Protobuf.FieldMask.proto.swift */,
				OBJ_23 /* Google.Protobuf.SourceContext.proto.swift */,
				OBJ_24 /* Google.Protobuf.Struct.proto.swift */,
				OBJ_25 /* Google.Protobuf.SwiftDescriptor.proto.swift */,
				OBJ_26 /* Google.Protobuf.Timestamp.proto.swift */,
				OBJ_27 /* Google.Protobuf.Type.proto.swift */,
				OBJ_28 /* Google.Protobuf.Wrappers.proto.swift */,
				OBJ_29 /* RingBuffer.swift */,
				OBJ_30 /* UnknownFieldSet.swift */,
				OBJ_31 /* WireFormat.swift */,
			);
			name = Sources;
			path = Source;
			sourceTree = SOURCE_ROOT;
		};
/* End PBXGroup section */

/* Begin PBXNativeTarget section */
		3F9996DB1F879A470016C76C /* Tests */ = {
			isa = PBXNativeTarget;
			buildConfigurationList = 3F9996E31F879A470016C76C /* Build configuration list for PBXNativeTarget "Tests" */;
			buildPhases = (
				3F9996D81F879A470016C76C /* Sources */,
				3F9996D91F879A470016C76C /* Frameworks */,
				3F9996DA1F879A470016C76C /* Resources */,
			);
			buildRules = (
			);
			dependencies = (
				3F9996E21F879A470016C76C /* PBXTargetDependency */,
			);
			name = Tests;
			productName = Tests;
			productReference = 3F9996DC1F879A470016C76C /* Tests.xctest */;
			productType = "com.apple.product-type.bundle.unit-test";
		};
		"ProtocolBuffers::ProtocolBuffers" /* ProtocolBuffers */ = {
			isa = PBXNativeTarget;
			buildConfigurationList = OBJ_46 /* Build configuration list for PBXNativeTarget "ProtocolBuffers" */;
			buildPhases = (
				OBJ_49 /* Sources */,
				OBJ_74 /* Frameworks */,
			);
			buildRules = (
			);
			dependencies = (
			);
			name = ProtocolBuffers;
			productName = ProtocolBuffers;
			productReference = "ProtocolBuffers::ProtocolBuffers::Product" /* ProtocolBuffers.framework */;
			productType = "com.apple.product-type.framework";
		};
		"ProtocolBuffers::SwiftPMPackageDescription" /* ProtocolBuffersPackageDescription */ = {
			isa = PBXNativeTarget;
			buildConfigurationList = OBJ_40 /* Build configuration list for PBXNativeTarget "ProtocolBuffersPackageDescription" */;
			buildPhases = (
				OBJ_43 /* Sources */,
			);
			buildRules = (
			);
			dependencies = (
			);
			name = ProtocolBuffersPackageDescription;
			productName = ProtocolBuffersPackageDescription;
			productType = "com.apple.product-type.framework";
		};
/* End PBXNativeTarget section */

/* Begin PBXProject section */
		OBJ_1 /* Project object */ = {
			isa = PBXProject;
			attributes = {
				LastSwiftUpdateCheck = 0900;
				LastUpgradeCheck = 9999;
				TargetAttributes = {
					3F9996DB1F879A470016C76C = {
						CreatedOnToolsVersion = 9.0;
						ProvisioningStyle = Automatic;
					};
				};
			};
			buildConfigurationList = OBJ_2 /* Build configuration list for PBXProject "ProtocolBuffers" */;
			compatibilityVersion = "Xcode 3.2";
			developmentRegion = English;
			hasScannedForEncodings = 0;
			knownRegions = (
				en,
			);
			mainGroup = OBJ_5;
			productRefGroup = OBJ_37 /* Products */;
			projectDirPath = "";
			projectRoot = "";
			targets = (
				"ProtocolBuffers::SwiftPMPackageDescription" /* ProtocolBuffersPackageDescription */,
				"ProtocolBuffers::ProtocolBuffers" /* ProtocolBuffers */,
				3F9996DB1F879A470016C76C /* Tests */,
			);
		};
/* End PBXProject section */

/* Begin PBXResourcesBuildPhase section */
		3F9996DA1F879A470016C76C /* Resources */ = {
			isa = PBXResourcesBuildPhase;
			buildActionMask = 2147483647;
			files = (
				3F99974F1F879C250016C76C /* golden_message_oneof_implemented in Resources */,
				3F99974B1F879C250016C76C /* text_format_unittest_data.txt in Resources */,
				3F9997521F879C250016C76C /* golden_message in Resources */,
				3F99974A1F879C250016C76C /* text_format_unittest_data_oneof_implemented.txt in Resources */,
				3F99974E1F879C250016C76C /* delimitedFile.dat in Resources */,
				3F99974C1F879C250016C76C /* text_format_unittest_data_pointy.txt in Resources */,
				3F9997511F879C250016C76C /* text_format_unittest_data_pointy_oneof.txt in Resources */,
				3F9997501F879C250016C76C /* bad_utf8_string in Resources */,
				3F9997531F879C250016C76C /* text_format_unittest_extensions_data.txt in Resources */,
				3F9997541F879C250016C76C /* golden_packed_fields_message in Resources */,
				3F99974D1F879C250016C76C /* text_format_unittest_extensions_data_pointy.txt in Resources */,
			);
			runOnlyForDeploymentPostprocessing = 0;
		};
/* End PBXResourcesBuildPhase section */

/* Begin PBXSourcesBuildPhase section */
		3F9996D81F879A470016C76C /* Sources */ = {
			isa = PBXSourcesBuildPhase;
			buildActionMask = 2147483647;
			files = (
				3F9997A81F879E220016C76C /* UnittestDropUnknownFields.UnittestDropUnknownFields.proto.swift in Sources */,
				3F9997A41F879E220016C76C /* ProtobufUnittest.UnittestMset.proto.swift in Sources */,
				3F9997461F879C180016C76C /* SmallBlockInputStream.swift in Sources */,
				3F9997911F879E220016C76C /* Bar.Foo.proto.swift in Sources */,
				3F9997A61F879E220016C76C /* Proto2ArenaUnittest.UnittestArena.proto.swift in Sources */,
				3F9997481F879C1D0016C76C /* UnknowFieldsTests.swift in Sources */,
				3F99979E1F879E220016C76C /* UnittestEmpty.proto.swift in Sources */,
				3F99971F1F879BB30016C76C /* CodedInputStreamTests.swift in Sources */,
				3F9997A11F879E220016C76C /* ProtobufUnittestNoArena.UnittestNoArena.proto.swift in Sources */,
				3F99979B1F879E220016C76C /* ThreadingTest.swift in Sources */,
				3F9997241F879BB30016C76C /* MessageTests.swift in Sources */,
				3F9997AC1F879E220016C76C /* Proto3ArenaUnittest.UnittestProto3Arena.proto.swift in Sources */,
				3F9997A21F879E220016C76C /* ProtobufUnittest.UnittestWellKnownTypes.proto.swift in Sources */,
				3F9997961F879E220016C76C /* Baz.Foo.proto.swift in Sources */,
				3F9997221F879BB30016C76C /* GeneratedMessageTests.swift in Sources */,
				3F9997231F879BB30016C76C /* MapFieldsTests.swift in Sources */,
				3F9997981F879E220016C76C /* ProtobufUnittest.UnittestLiteImportsNonlite.proto.swift in Sources */,
				3F9997A51F879E220016C76C /* Google.Protobuf.NoGenericServicesTest.UnittestNoGenericServices.proto.swift in Sources */,
				3F9997941F879E220016C76C /* Proto2ArenaUnittest.UnittestNoArenaImport.proto.swift in Sources */,
				3F9997471F879C1D0016C76C /* TestUtilities.swift in Sources */,
				3F9997201F879BB30016C76C /* CodedOuputStreamTests.swift in Sources */,
				3F9997AB1F879E220016C76C /* ProtobufUnittest.UnittestOptimizeFor.proto.swift in Sources */,
				3F9997951F879E220016C76C /* Google.Protobuf.UnittestEnormousDescriptor.proto.swift in Sources */,
				3F9997491F879C1D0016C76C /* WireFormatTests.swift in Sources */,
				3F9997971F879E220016C76C /* ProtobufUnittestImport.UnittestImportLite.proto.swift in Sources */,
				3F9997931F879E220016C76C /* Proto2NofieldpresenceUnittest.UnittestNoFieldPresence.proto.swift in Sources */,
				3F99979F1F879E220016C76C /* UnittestErrorType.proto.swift in Sources */,
				3F9997AA1F879E220016C76C /* Proto3PreserveUnknownEnumUnittest.UnittestPreserveUnknownEnum.proto.swift in Sources */,
				3F99979C1F879E220016C76C /* ProtobufUnittestImport.UnittestImport.proto.swift in Sources */,
				3F99979A1F879E220016C76C /* ProtobufUnittest.Unittest.proto.swift in Sources */,
				3F9997451F879C180016C76C /* SizeTest.swift in Sources */,
				3F9997431F879C180016C76C /* Performance.proto.swift in Sources */,
				3F9997A71F879E220016C76C /* UnittestThreading.proto.swift in Sources */,
				3F9997991F879E220016C76C /* ProtobufUnittest.UnittestEmbedOptimizeFor.proto.swift in Sources */,
				3F9997211F879BB30016C76C /* ErrorHandlingTest.swift in Sources */,
				3F9997441F879C180016C76C /* ProtocolBuffersTests.swift in Sources */,
				3F9997A31F879E220016C76C /* UnittestStruct.proto.swift in Sources */,
				3F9997921F879E220016C76C /* ProtobufUnittestImport.UnittestImportPublicLite.proto.swift in Sources */,
				3F9997A01F879E220016C76C /* ProtobufUnittestImport.UnittestImportPublic.proto.swift in Sources */,
				3F9997AD1F879E220016C76C /* ProtobufUnittest.UnittestCustomOptions.proto.swift in Sources */,
				3F9997A91F879E220016C76C /* SwiftProtobufUnittest.UnittestMaps.proto.swift in Sources */,
				3F99979D1F879E220016C76C /* ProtobufUnittest.UnittestLite.proto.swift in Sources */,
			);
			runOnlyForDeploymentPostprocessing = 0;
		};
		OBJ_43 /* Sources */ = {
			isa = PBXSourcesBuildPhase;
			buildActionMask = 0;
			files = (
				OBJ_44 /* Package.swift in Sources */,
			);
			runOnlyForDeploymentPostprocessing = 0;
		};
		OBJ_49 /* Sources */ = {
			isa = PBXSourcesBuildPhase;
			buildActionMask = 0;
			files = (
				OBJ_50 /* AbstractMessage.swift in Sources */,
				OBJ_51 /* CodedInputStream.swift in Sources */,
				OBJ_52 /* CodedOutputStream.swift in Sources */,
				OBJ_53 /* ConcreateExtensionField.swift in Sources */,
				OBJ_54 /* ExtendableMessage.swift in Sources */,
				OBJ_55 /* ExtensionRegistry.swift in Sources */,
				OBJ_56 /* Field.swift in Sources */,
				OBJ_57 /* GeneratedMessage.swift in Sources */,
				OBJ_58 /* Google.Protobuf.Any.proto.swift in Sources */,
				OBJ_59 /* Google.Protobuf.Api.proto.swift in Sources */,
				OBJ_60 /* Google.Protobuf.Compiler.Plugin.proto.swift in Sources */,
				OBJ_61 /* Google.Protobuf.Descriptor.proto.swift in Sources */,
				OBJ_62 /* Google.Protobuf.Duration.proto.swift in Sources */,
				OBJ_63 /* Google.Protobuf.Empty.proto.swift in Sources */,
				OBJ_64 /* Google.Protobuf.FieldMask.proto.swift in Sources */,
				OBJ_65 /* Google.Protobuf.SourceContext.proto.swift in Sources */,
				OBJ_66 /* Google.Protobuf.Struct.proto.swift in Sources */,
				OBJ_67 /* Google.Protobuf.SwiftDescriptor.proto.swift in Sources */,
				OBJ_68 /* Google.Protobuf.Timestamp.proto.swift in Sources */,
				OBJ_69 /* Google.Protobuf.Type.proto.swift in Sources */,
				OBJ_70 /* Google.Protobuf.Wrappers.proto.swift in Sources */,
				OBJ_71 /* RingBuffer.swift in Sources */,
				OBJ_72 /* UnknownFieldSet.swift in Sources */,
				OBJ_73 /* WireFormat.swift in Sources */,
			);
			runOnlyForDeploymentPostprocessing = 0;
		};
/* End PBXSourcesBuildPhase section */

/* Begin PBXTargetDependency section */
		3F9996E21F879A470016C76C /* PBXTargetDependency */ = {
			isa = PBXTargetDependency;
			target = "ProtocolBuffers::SwiftPMPackageDescription" /* ProtocolBuffersPackageDescription */;
			targetProxy = 3F9996E11F879A470016C76C /* PBXContainerItemProxy */;
		};
/* End PBXTargetDependency section */

/* Begin XCBuildConfiguration section */
		3F9996E41F879A470016C76C /* Debug */ = {
			isa = XCBuildConfiguration;
			buildSettings = {
				ALWAYS_SEARCH_USER_PATHS = NO;
				CLANG_ANALYZER_NONNULL = YES;
				CLANG_ANALYZER_NUMBER_OBJECT_CONVERSION = YES_AGGRESSIVE;
				CLANG_CXX_LANGUAGE_STANDARD = "gnu++14";
				CLANG_CXX_LIBRARY = "libc++";
				CLANG_ENABLE_MODULES = YES;
				CLANG_WARN_BLOCK_CAPTURE_AUTORELEASING = YES;
				CLANG_WARN_BOOL_CONVERSION = YES;
				CLANG_WARN_COMMA = YES;
				CLANG_WARN_CONSTANT_CONVERSION = YES;
				CLANG_WARN_DIRECT_OBJC_ISA_USAGE = YES_ERROR;
				CLANG_WARN_DOCUMENTATION_COMMENTS = YES;
				CLANG_WARN_EMPTY_BODY = YES;
				CLANG_WARN_ENUM_CONVERSION = YES;
				CLANG_WARN_INFINITE_RECURSION = YES;
				CLANG_WARN_INT_CONVERSION = YES;
				CLANG_WARN_NON_LITERAL_NULL_CONVERSION = YES;
				CLANG_WARN_OBJC_LITERAL_CONVERSION = YES;
				CLANG_WARN_OBJC_ROOT_CLASS = YES_ERROR;
				CLANG_WARN_RANGE_LOOP_ANALYSIS = YES;
				CLANG_WARN_STRICT_PROTOTYPES = YES;
				CLANG_WARN_SUSPICIOUS_MOVE = YES;
				CLANG_WARN_UNGUARDED_AVAILABILITY = YES_AGGRESSIVE;
				CLANG_WARN_UNREACHABLE_CODE = YES;
				CLANG_WARN__DUPLICATE_METHOD_MATCH = YES;
				CODE_SIGN_IDENTITY = "-";
				CODE_SIGN_STYLE = Automatic;
				COMBINE_HIDPI_IMAGES = YES;
				ENABLE_STRICT_OBJC_MSGSEND = YES;
				ENABLE_TESTABILITY = YES;
				GCC_C_LANGUAGE_STANDARD = gnu11;
				GCC_DYNAMIC_NO_PIC = NO;
				GCC_NO_COMMON_BLOCKS = YES;
				GCC_PREPROCESSOR_DEFINITIONS = (
					"DEBUG=1",
					"$(inherited)",
				);
				GCC_WARN_64_TO_32_BIT_CONVERSION = YES;
				GCC_WARN_ABOUT_RETURN_TYPE = YES_ERROR;
				GCC_WARN_UNDECLARED_SELECTOR = YES;
				GCC_WARN_UNINITIALIZED_AUTOS = YES_AGGRESSIVE;
				GCC_WARN_UNUSED_FUNCTION = YES;
				GCC_WARN_UNUSED_VARIABLE = YES;
				INFOPLIST_FILE = plugin/Tests/Info.plist;
				LD_RUNPATH_SEARCH_PATHS = "$(inherited) @executable_path/../Frameworks @loader_path/../Frameworks";
				MACOSX_DEPLOYMENT_TARGET = 10.13;
				MTL_ENABLE_DEBUG_INFO = YES;
				PRODUCT_BUNDLE_IDENTIFIER = com.alexeyxo.protocolbuffers.Tests;
				PRODUCT_NAME = "$(TARGET_NAME)";
				SWIFT_ACTIVE_COMPILATION_CONDITIONS = DEBUG;
				SWIFT_VERSION = 4.0;
			};
			name = Debug;
		};
		3F9996E51F879A470016C76C /* Release */ = {
			isa = XCBuildConfiguration;
			buildSettings = {
				ALWAYS_SEARCH_USER_PATHS = NO;
				CLANG_ANALYZER_NONNULL = YES;
				CLANG_ANALYZER_NUMBER_OBJECT_CONVERSION = YES_AGGRESSIVE;
				CLANG_CXX_LANGUAGE_STANDARD = "gnu++14";
				CLANG_CXX_LIBRARY = "libc++";
				CLANG_ENABLE_MODULES = YES;
				CLANG_WARN_BLOCK_CAPTURE_AUTORELEASING = YES;
				CLANG_WARN_BOOL_CONVERSION = YES;
				CLANG_WARN_COMMA = YES;
				CLANG_WARN_CONSTANT_CONVERSION = YES;
				CLANG_WARN_DIRECT_OBJC_ISA_USAGE = YES_ERROR;
				CLANG_WARN_DOCUMENTATION_COMMENTS = YES;
				CLANG_WARN_EMPTY_BODY = YES;
				CLANG_WARN_ENUM_CONVERSION = YES;
				CLANG_WARN_INFINITE_RECURSION = YES;
				CLANG_WARN_INT_CONVERSION = YES;
				CLANG_WARN_NON_LITERAL_NULL_CONVERSION = YES;
				CLANG_WARN_OBJC_LITERAL_CONVERSION = YES;
				CLANG_WARN_OBJC_ROOT_CLASS = YES_ERROR;
				CLANG_WARN_RANGE_LOOP_ANALYSIS = YES;
				CLANG_WARN_STRICT_PROTOTYPES = YES;
				CLANG_WARN_SUSPICIOUS_MOVE = YES;
				CLANG_WARN_UNGUARDED_AVAILABILITY = YES_AGGRESSIVE;
				CLANG_WARN_UNREACHABLE_CODE = YES;
				CLANG_WARN__DUPLICATE_METHOD_MATCH = YES;
				CODE_SIGN_IDENTITY = "-";
				CODE_SIGN_STYLE = Automatic;
				COMBINE_HIDPI_IMAGES = YES;
				COPY_PHASE_STRIP = NO;
				ENABLE_NS_ASSERTIONS = NO;
				ENABLE_STRICT_OBJC_MSGSEND = YES;
				GCC_C_LANGUAGE_STANDARD = gnu11;
				GCC_NO_COMMON_BLOCKS = YES;
				GCC_WARN_64_TO_32_BIT_CONVERSION = YES;
				GCC_WARN_ABOUT_RETURN_TYPE = YES_ERROR;
				GCC_WARN_UNDECLARED_SELECTOR = YES;
				GCC_WARN_UNINITIALIZED_AUTOS = YES_AGGRESSIVE;
				GCC_WARN_UNUSED_FUNCTION = YES;
				GCC_WARN_UNUSED_VARIABLE = YES;
				INFOPLIST_FILE = plugin/Tests/Info.plist;
				LD_RUNPATH_SEARCH_PATHS = "$(inherited) @executable_path/../Frameworks @loader_path/../Frameworks";
				MACOSX_DEPLOYMENT_TARGET = 10.13;
				MTL_ENABLE_DEBUG_INFO = NO;
				PRODUCT_BUNDLE_IDENTIFIER = com.alexeyxo.protocolbuffers.Tests;
				PRODUCT_NAME = "$(TARGET_NAME)";
				SWIFT_VERSION = 4.0;
			};
			name = Release;
		};
		OBJ_3 /* Debug */ = {
			isa = XCBuildConfiguration;
			buildSettings = {
				CLANG_ENABLE_OBJC_ARC = YES;
				COMBINE_HIDPI_IMAGES = YES;
				COPY_PHASE_STRIP = NO;
				DEBUG_INFORMATION_FORMAT = dwarf;
				DYLIB_INSTALL_NAME_BASE = "@rpath";
				ENABLE_NS_ASSERTIONS = YES;
				GCC_OPTIMIZATION_LEVEL = 0;
				MACOSX_DEPLOYMENT_TARGET = 10.10;
				ONLY_ACTIVE_ARCH = YES;
				OTHER_SWIFT_FLAGS = "-DXcode";
				PRODUCT_NAME = "$(TARGET_NAME)";
				SDKROOT = macosx;
				SUPPORTED_PLATFORMS = "macosx iphoneos iphonesimulator appletvos appletvsimulator watchos watchsimulator";
				SWIFT_ACTIVE_COMPILATION_CONDITIONS = SWIFT_PACKAGE;
				SWIFT_OPTIMIZATION_LEVEL = "-Onone";
				USE_HEADERMAP = NO;
			};
			name = Debug;
		};
		OBJ_4 /* Release */ = {
			isa = XCBuildConfiguration;
			buildSettings = {
				CLANG_ENABLE_OBJC_ARC = YES;
				COMBINE_HIDPI_IMAGES = YES;
				COPY_PHASE_STRIP = YES;
				DEBUG_INFORMATION_FORMAT = "dwarf-with-dsym";
				DYLIB_INSTALL_NAME_BASE = "@rpath";
				GCC_OPTIMIZATION_LEVEL = s;
				MACOSX_DEPLOYMENT_TARGET = 10.10;
				OTHER_SWIFT_FLAGS = "-DXcode";
				PRODUCT_NAME = "$(TARGET_NAME)";
				SDKROOT = macosx;
				SUPPORTED_PLATFORMS = "macosx iphoneos iphonesimulator appletvos appletvsimulator watchos watchsimulator";
				SWIFT_ACTIVE_COMPILATION_CONDITIONS = SWIFT_PACKAGE;
				SWIFT_OPTIMIZATION_LEVEL = "-Owholemodule";
				USE_HEADERMAP = NO;
			};
			name = Release;
		};
		OBJ_41 /* Debug */ = {
			isa = XCBuildConfiguration;
			buildSettings = {
				LD = /usr/bin/true;
				OTHER_SWIFT_FLAGS = "-swift-version 3 -I /Applications/Xcode.app/Contents/Developer/Toolchains/XcodeDefault.xctoolchain/usr/lib/swift/pm/3 -target x86_64-apple-macosx10.10 -sdk /Applications/Xcode.app/Contents/Developer/Platforms/MacOSX.platform/Developer/SDKs/MacOSX10.13.sdk";
				SWIFT_VERSION = 3.0;
			};
			name = Debug;
		};
		OBJ_42 /* Release */ = {
			isa = XCBuildConfiguration;
			buildSettings = {
				LD = /usr/bin/true;
				OTHER_SWIFT_FLAGS = "-swift-version 3 -I /Applications/Xcode.app/Contents/Developer/Toolchains/XcodeDefault.xctoolchain/usr/lib/swift/pm/3 -target x86_64-apple-macosx10.10 -sdk /Applications/Xcode.app/Contents/Developer/Platforms/MacOSX.platform/Developer/SDKs/MacOSX10.13.sdk";
				SWIFT_VERSION = 3.0;
			};
			name = Release;
		};
		OBJ_47 /* Debug */ = {
			isa = XCBuildConfiguration;
			buildSettings = {
				ENABLE_TESTABILITY = YES;
				FRAMEWORK_SEARCH_PATHS = (
					"$(inherited)",
					"$(PLATFORM_DIR)/Developer/Library/Frameworks",
				);
				HEADER_SEARCH_PATHS = "$(inherited)";
				INFOPLIST_FILE = ProtocolBuffers.xcodeproj/ProtocolBuffers_Info.plist;
				LD_RUNPATH_SEARCH_PATHS = "$(TOOLCHAIN_DIR)/usr/lib/swift/macosx";
				OTHER_LDFLAGS = "$(inherited)";
				OTHER_SWIFT_FLAGS = "$(inherited)";
				PRODUCT_BUNDLE_IDENTIFIER = ProtocolBuffers;
				PRODUCT_MODULE_NAME = "$(TARGET_NAME:c99extidentifier)";
				PRODUCT_NAME = "$(TARGET_NAME:c99extidentifier)";
				SKIP_INSTALL = YES;
				SWIFT_VERSION = 3.0;
				TARGET_NAME = ProtocolBuffers;
			};
			name = Debug;
		};
		OBJ_48 /* Release */ = {
			isa = XCBuildConfiguration;
			buildSettings = {
				ENABLE_TESTABILITY = YES;
				FRAMEWORK_SEARCH_PATHS = (
					"$(inherited)",
					"$(PLATFORM_DIR)/Developer/Library/Frameworks",
				);
				HEADER_SEARCH_PATHS = "$(inherited)";
				INFOPLIST_FILE = ProtocolBuffers.xcodeproj/ProtocolBuffers_Info.plist;
				LD_RUNPATH_SEARCH_PATHS = "$(TOOLCHAIN_DIR)/usr/lib/swift/macosx";
				OTHER_LDFLAGS = "$(inherited)";
				OTHER_SWIFT_FLAGS = "$(inherited)";
				PRODUCT_BUNDLE_IDENTIFIER = ProtocolBuffers;
				PRODUCT_MODULE_NAME = "$(TARGET_NAME:c99extidentifier)";
				PRODUCT_NAME = "$(TARGET_NAME:c99extidentifier)";
				SKIP_INSTALL = YES;
				SWIFT_VERSION = 3.0;
				TARGET_NAME = ProtocolBuffers;
			};
			name = Release;
		};
/* End XCBuildConfiguration section */

/* Begin XCConfigurationList section */
		3F9996E31F879A470016C76C /* Build configuration list for PBXNativeTarget "Tests" */ = {
			isa = XCConfigurationList;
			buildConfigurations = (
				3F9996E41F879A470016C76C /* Debug */,
				3F9996E51F879A470016C76C /* Release */,
			);
			defaultConfigurationIsVisible = 0;
			defaultConfigurationName = Debug;
		};
		OBJ_2 /* Build configuration list for PBXProject "ProtocolBuffers" */ = {
			isa = XCConfigurationList;
			buildConfigurations = (
				OBJ_3 /* Debug */,
				OBJ_4 /* Release */,
			);
			defaultConfigurationIsVisible = 0;
			defaultConfigurationName = Debug;
		};
		OBJ_40 /* Build configuration list for PBXNativeTarget "ProtocolBuffersPackageDescription" */ = {
			isa = XCConfigurationList;
			buildConfigurations = (
				OBJ_41 /* Debug */,
				OBJ_42 /* Release */,
			);
			defaultConfigurationIsVisible = 0;
			defaultConfigurationName = Debug;
		};
		OBJ_46 /* Build configuration list for PBXNativeTarget "ProtocolBuffers" */ = {
			isa = XCConfigurationList;
			buildConfigurations = (
				OBJ_47 /* Debug */,
				OBJ_48 /* Release */,
			);
			defaultConfigurationIsVisible = 0;
			defaultConfigurationName = Debug;
		};
/* End XCConfigurationList section */
	};
	rootObject = OBJ_1 /* Project object */;
}
